PODS:
  - AFNetworking (3.0.4):
    - AFNetworking/NSURLSession (= 3.0.4)
    - AFNetworking/Reachability (= 3.0.4)
    - AFNetworking/Security (= 3.0.4)
    - AFNetworking/Serialization (= 3.0.4)
    - AFNetworking/UIKit (= 3.0.4)
  - AFNetworking/NSURLSession (3.0.4):
    - AFNetworking/Reachability
    - AFNetworking/Security
    - AFNetworking/Serialization
  - AFNetworking/Reachability (3.0.4)
  - AFNetworking/Security (3.0.4)
  - AFNetworking/Serialization (3.0.4)
  - AFNetworking/UIKit (3.0.4):
    - AFNetworking/NSURLSession
  - DZNEmptyDataSet (1.8.1)
  - FDFullscreenPopGesture (1.1)
  - FDStackView (1.0.1)
  - IQKeyboardManager (5.0.8)
  - Masonry (1.1.0)
  - MBProgressHUD (1.0.0)
  - MJRefresh (3.1.15.3)
  - PPNetworkHelper (0.7.0):
    - AFNetworking
    - YYCache
  - ReactiveObjC (3.1.0)
  - SDCycleScrollView (1.75):
    - SDWebImage (>= 4.0.0)
  - SDWebImage (4.3.3):
    - SDWebImage/Core (= 4.3.3)
  - SDWebImage/Core (4.3.3)
  - TBActionSheet (1.5.6)
  - "UITableView+FDTemplateLayoutCell (1.6)"
  - YYCache (1.0.4)
  - YYModel (1.0.4)

DEPENDENCIES:
  - AFNetworking (~> 3.0.4)
  - DZNEmptyDataSet
  - FDFullscreenPopGesture (= 1.1)
  - FDStackView
  - IQKeyboardManager
  - Masonry
  - MBProgressHUD (~> 1.0.0)
  - MJRefresh
  - PPNetworkHelper
  - ReactiveObjC
  - SDCycleScrollView
  - SDWebImage
  - TBActionSheet
  - "UITableView+FDTemplateLayoutCell (~> 1.4)"
  - YYModel

SPEC REPOS:
  https://github.com/CocoaPods/Specs.git:
    - AFNetworking
    - DZNEmptyDataSet
    - FDFullscreenPopGesture
    - FDStackView
    - IQKeyboardManager
    - Masonry
    - MBProgressHUD
    - MJRefresh
    - PPNetworkHelper
    - ReactiveObjC
    - SDCycleScrollView
    - SDWebImage
    - TBActionSheet
    - "UITableView+FDTemplateLayoutCell"
    - YYCache
    - YYModel

SPEC CHECKSUMS:
  AFNetworking: a0075feb321559dc78d9d85b55d11caa19eabb93
  DZNEmptyDataSet: 9525833b9e68ac21c30253e1d3d7076cc828eaa7
  FDFullscreenPopGesture: a8a620179e3d9c40e8e00256dcee1c1a27c6d0f0
  FDStackView: fc0697e5be2022c8af36ce66e9e2061006058ba8
  IQKeyboardManager: 266cb7b1d11f94a3e71229d77f960f9a1b538e5b
  Masonry: 678fab65091a9290e40e2832a55e7ab731aad201
  MBProgressHUD: 4890f671c94e8a0f3cf959aa731e9de2f036d71a
  MJRefresh: b48380ae2b927b46c4ef000de9adb8dc748e1df7
  PPNetworkHelper: b1edf88d6d018c7d9ec9887127e01186c773320b
  ReactiveObjC: 2a38ea15335de4119d8b17caf1db1484f61db902
  SDCycleScrollView: 884b88f0266dd4708a0e1934975c69cb971707b1
  SDWebImage: de4d90b5bff3571eae7bd16202b1f43135409fa5
  TBActionSheet: d3c23727ee2d5c573245eef51b9980bb801e8bef
  "UITableView+FDTemplateLayoutCell": 5c949b4a5059c404b442926c0e80f81d10a2d66f
  YYCache: 8105b6638f5e849296c71f331ff83891a4942952
  YYModel: 2a7fdd96aaa4b86a824e26d0c517de8928c04b30

PODFILE CHECKSUM: e17b317e082cf0c7d95b513ed26a5392c70e5a7a

COCOAPODS: 1.5.0.beta.1
